
Microsoft Visual Studio Solution File, Format Version 12.00
# Visual Studio Version 16
VisualStudioVersion = 16.0.30523.141
MinimumVisualStudioVersion = 10.0.40219.1
Project("{FAE04EC0-301F-11D3-BF4B-00C04F79EFBC}") = "StrategyPattern", "StrategyPattern\StrategyPattern.csproj", "{62295B0A-269E-492E-B9B6-F50F90BCE0F8}"
EndProject
Global
	GlobalSection(SolutionConfigurationPlatforms) = preSolution
		Debug|Any CPU = Debug|Any CPU
		Release|Any CPU = Release|Any CPU
	EndGlobalSection
	GlobalSection(ProjectConfigurationPlatforms) = postSolution
		{62295B0A-269E-492E-B9B6-F50F90BCE0F8}.Debug|Any CPU.ActiveCfg = Debug|Any CPU
		{62295B0A-269E-492E-B9B6-F50F90BCE0F8}.Debug|Any CPU.Build.0 = Debug|Any CPU
		{62295B0A-269E-492E-B9B6-F50F90BCE0F8}.Release|Any CPU.ActiveCfg = Release|Any CPU
		{62295B0A-269E-492E-B9B6-F50F90BCE0F8}.Release|Any CPU.Build.0 = Release|Any CPU
	EndGlobalSection
	GlobalSection(SolutionProperties) = preSolution
		HideSolutionNode = FALSE
	EndGlobalSection
	GlobalSection(ExtensibilityGlobals) = postSolution
		SolutionGuid = {26E16C02-6FEE-4E3B-B800-DF3F8D9DF80F}
	EndGlobalSection
EndGlobal
